
Microsoft Visual Studio Solution File, Format Version 12.00
# Visual Studio Version 16
VisualStudioVersion = 16.0.31729.503
MinimumVisualStudioVersion = 10.0.40219.1
Project("{FAE04EC0-301F-11D3-BF4B-00C04F79EFBC}") = "Macros_Purifiction_Tool", "Macros_Purifiction_Tool\Macros_Purifiction_Tool.csproj", "{CB937607-7078-490D-B5C7-A547CDE88DCB}"
EndProject
Global
	GlobalSection(SolutionConfigurationPlatforms) = preSolution
		Debug|Any CPU = Debug|Any CPU
		Release|Any CPU = Release|Any CPU
	EndGlobalSection
	GlobalSection(ProjectConfigurationPlatforms) = postSolution
		{CB937607-7078-490D-B5C7-A547CDE88DCB}.Debug|Any CPU.ActiveCfg = Debug|Any CPU
		{CB937607-7078-490D-B5C7-A547CDE88DCB}.Debug|Any CPU.Build.0 = Debug|Any CPU
		{CB937607-7078-490D-B5C7-A547CDE88DCB}.Release|Any CPU.ActiveCfg = Release|Any CPU
		{CB937607-7078-490D-B5C7-A547CDE88DCB}.Release|Any CPU.Build.0 = Release|Any CPU
	EndGlobalSection
	GlobalSection(SolutionProperties) = preSolution
		HideSolutionNode = FALSE
	EndGlobalSection
	GlobalSection(ExtensibilityGlobals) = postSolution
		SolutionGuid = {31A3E477-D750-4185-BF8C-3587CE67762C}
	EndGlobalSection
EndGlobal
